
Microsoft Visual Studio Solution File, Format Version 12.00
# Visual Studio Version 17
VisualStudioVersion = 17.8.34525.116
MinimumVisualStudioVersion = 10.0.40219.1
Project("{888888A0-9F3D-457C-B088-3A5042F75D52}") = "Determine Optimal Location of Warehouse", "Determine Optimal Location of Warehouse.pyproj", "{88D172B6-2455-403D-B942-8A81707FA93B}"
EndProject
Global
	GlobalSection(SolutionConfigurationPlatforms) = preSolution
		Debug|Any CPU = Debug|Any CPU
		Release|Any CPU = Release|Any CPU
	EndGlobalSection
	GlobalSection(ProjectConfigurationPlatforms) = postSolution
		{88D172B6-2455-403D-B942-8A81707FA93B}.Debug|Any CPU.ActiveCfg = Debug|Any CPU
		{88D172B6-2455-403D-B942-8A81707FA93B}.Release|Any CPU.ActiveCfg = Release|Any CPU
	EndGlobalSection
	GlobalSection(SolutionProperties) = preSolution
		HideSolutionNode = FALSE
	EndGlobalSection
	GlobalSection(ExtensibilityGlobals) = postSolution
		SolutionGuid = {810D4209-D33D-41AF-A87D-9F9B2BF4E940}
	EndGlobalSection
EndGlobal
